// !$*UTF8*$!
{
	archiveVersion = 1;
	classes = {
	};
	objectVersion = 46;
	objects = {

/* Begin PBXBuildFile section */
		25284CCF1F197038004BEF1A /* AppDelegate.swift in Sources */ = {isa = PBXBuildFile; fileRef = 25284CCE1F197038004BEF1A /* AppDelegate.swift */; };
		25284CD11F197038004BEF1A /* ViewController.swift in Sources */ = {isa = PBXBuildFile; fileRef = 25284CD01F197038004BEF1A /* ViewController.swift */; };
		25284CD41F197038004BEF1A /* Main.storyboard in Resources */ = {isa = PBXBuildFile; fileRef = 25284CD21F197038004BEF1A /* Main.storyboard */; };
		25284CD61F197038004BEF1A /* Assets.xcassets in Resources */ = {isa = PBXBuildFile; fileRef = 25284CD51F197038004BEF1A /* Assets.xcassets */; };
		25284CD91F197038004BEF1A /* LaunchScreen.storyboard in Resources */ = {isa = PBXBuildFile; fileRef = 25284CD71F197038004BEF1A /* LaunchScreen.storyboard */; };
		25284CE41F197038004BEF1A /* SicessisTests.swift in Sources */ = {isa = PBXBuildFile; fileRef = 25284CE31F197038004BEF1A /* SicessisTests.swift */; };
		25284CEF1F197038004BEF1A /* SicessisUITests.swift in Sources */ = {isa = PBXBuildFile; fileRef = 25284CEE1F197038004BEF1A /* SicessisUITests.swift */; };
/* End PBXBuildFile section */

/* Begin PBXContainerItemProxy section */
		25284CE01F197038004BEF1A /* PBXContainerItemProxy */ = {
			isa = PBXContainerItemProxy;
			containerPortal = 25284CC31F197038004BEF1A /* Project object */;
			proxyType = 1;
			remoteGlobalIDString = 25284CCA1F197038004BEF1A;
			remoteInfo = Sicessis;
		};
		25284CEB1F197038004BEF1A /* PBXContainerItemProxy */ = {
			isa = PBXContainerItemProxy;
			containerPortal = 25284CC31F197038004BEF1A /* Project object */;
			proxyType = 1;
			remoteGlobalIDString = 25284CCA1F197038004BEF1A;
			remoteInfo = Sicessis;
		};
/* End PBXContainerItemProxy section */

/* Begin PBXFileReference section */
		25284CCB1F197038004BEF1A /* Sicessis.app */ = {isa = PBXFileReference; explicitFileType = wrapper.application; includeInIndex = 0; path = Sicessis.app; sourceTree = BUILT_PRODUCTS_DIR; };
		25284CCE1F197038004BEF1A /* AppDelegate.swift */ = {isa = PBXFileReference; lastKnownFileType = sourcecode.swift; path = AppDelegate.swift; sourceTree = "<group>"; };
		25284CD01F197038004BEF1A /* ViewController.swift */ = {isa = PBXFileReference; lastKnownFileType = sourcecode.swift; path = ViewController.swift; sourceTree = "<group>"; };
		25284CD31F197038004BEF1A /* Base */ = {isa = PBXFileReference; lastKnownFileType = file.storyboard; name = Base; path = Base.lproj/Main.storyboard; sourceTree = "<group>"; };
		25284CD51F197038004BEF1A /* Assets.xcassets */ = {isa = PBXFileReference; lastKnownFileType = folder.assetcatalog; path = Assets.xcassets; sourceTree = "<group>"; };
		25284CD81F197038004BEF1A /* Base */ = {isa = PBXFileReference; lastKnownFileType = file.storyboard; name = Base; path = Base.lproj/LaunchScreen.storyboard; sourceTree = "<group>"; };
		25284CDA1F197038004BEF1A /* Info.plist */ = {isa = PBXFileReference; lastKnownFileType = text.plist.xml; path = Info.plist; sourceTree = "<group>"; };
		25284CDF1F197038004BEF1A /* SicessisTests.xctest */ = {isa = PBXFileReference; explicitFileType = wrapper.cfbundle; includeInIndex = 0; path = SicessisTests.xctest; sourceTree = BUILT_PRODUCTS_DIR; };
		25284CE31F197038004BEF1A /* SicessisTests.swift */ = {isa = PBXFileReference; lastKnownFileType = sourcecode.swift; path = SicessisTests.swift; sourceTree = "<group>"; };
		25284CE51F197038004BEF1A /* Info.plist */ = {isa = PBXFileReference; lastKnownFileType = text.plist.xml; path = Info.plist; sourceTree = "<group>"; };
		25284CEA1F197038004BEF1A /* SicessisUITests.xctest */ = {isa = PBXFileReference; explicitFileType = wrapper.cfbundle; includeInIndex = 0; path = SicessisUITests.xctest; sourceTree = BUILT_PRODUCTS_DIR; };
		25284CEE1F197038004BEF1A /* SicessisUITests.swift */ = {isa = PBXFileReference; lastKnownFileType = sourcecode.swift; path = SicessisUITests.swift; sourceTree = "<group>"; };
		25284CF01F197038004BEF1A /* Info.plist */ = {isa = PBXFileReference; lastKnownFileType = text.plist.xml; path = Info.plist; sourceTree = "<group>"; };
/* End PBXFileReference section */

/* Begin PBXFrameworksBuildPhase section */
		25284CC81F197038004BEF1A /* Frameworks */ = {
			isa = PBXFrameworksBuildPhase;
			buildActionMask = 2147483647;
			files = (
			);
			runOnlyForDeploymentPostprocessing = 0;
		};
		25284CDC1F197038004BEF1A /* Frameworks */ = {
			isa = PBXFrameworksBuildPhase;
			buildActionMask = 2147483647;
			files = (
			);
			runOnlyForDeploymentPostprocessing = 0;
		};
		25284CE71F197038004BEF1A /* Frameworks */ = {
			isa = PBXFrameworksBuildPhase;
			buildActionMask = 2147483647;
			files = (
			);
			runOnlyForDeploymentPostprocessing = 0;
		};
/* End PBXFrameworksBuildPhase section */

/* Begin PBXGroup section */
		25284CC21F197038004BEF1A = {
			isa = PBXGroup;
			children = (
				25284CCD1F197038004BEF1A /* Sicessis */,
				25284CE21F197038004BEF1A /* SicessisTests */,
				25284CED1F197038004BEF1A /* SicessisUITests */,
				25284CCC1F197038004BEF1A /* Products */,
			);
			sourceTree = "<group>";
		};
		25284CCC1F197038004BEF1A /* Products */ = {
			isa = PBXGroup;
			children = (
				25284CCB1F197038004BEF1A /* Sicessis.app */,
				25284CDF1F197038004BEF1A /* SicessisTests.xctest */,
				25284CEA1F197038004BEF1A /* SicessisUITests.xctest */,
			);
			name = Products;
			sourceTree = "<group>";
		};
		25284CCD1F197038004BEF1A /* Sicessis */ = {
			isa = PBXGroup;
			children = (
				25284CCE1F197038004BEF1A /* AppDelegate.swift */,
				25284CD01F197038004BEF1A /* ViewController.swift */,
				25284CD21F197038004BEF1A /* Main.storyboard */,
				25284CD51F197038004BEF1A /* Assets.xcassets */,
				25284CD71F197038004BEF1A /* LaunchScreen.storyboard */,
				25284CDA1F197038004BEF1A /* Info.plist */,
			);
			path = Sicessis;
			sourceTree = "<group>";
		};
		25284CE21F197038004BEF1A /* SicessisTests */ = {
			isa = PBXGroup;
			children = (
				25284CE31F197038004BEF1A /* SicessisTests.swift */,
				25284CE51F197038004BEF1A /* Info.plist */,
			);
			path = SicessisTests;
			sourceTree = "<group>";
		};
		25284CED1F197038004BEF1A /* SicessisUITests */ = {
			isa = PBXGroup;
			children = (
				25284CEE1F197038004BEF1A /* SicessisUITests.swift */,
				25284CF01F197038004BEF1A /* Info.plist */,
			);
			path = SicessisUITests;
			sourceTree = "<group>";
		};
/* End PBXGroup section */

/* Begin PBXNativeTarget section */
		25284CCA1F197038004BEF1A /* Sicessis */ = {
			isa = PBXNativeTarget;
			buildConfigurationList = 25284CF31F197038004BEF1A /* Build configuration list for PBXNativeTarget "Sicessis" */;
			buildPhases = (
				25284CC71F197038004BEF1A /* Sources */,
				25284CC81F197038004BEF1A /* Frameworks */,
				25284CC91F197038004BEF1A /* Resources */,
			);
			buildRules = (
			);
			dependencies = (
			);
			name = Sicessis;
			productName = Sicessis;
			productReference = 25284CCB1F197038004BEF1A /* Sicessis.app */;
			productType = "com.apple.product-type.application";
		};
		25284CDE1F197038004BEF1A /* SicessisTests */ = {
			isa = PBXNativeTarget;
			buildConfigurationList = 25284CF61F197038004BEF1A /* Build configuration list for PBXNativeTarget "SicessisTests" */;
			buildPhases = (
				25284CDB1F197038004BEF1A /* Sources */,
				25284CDC1F197038004BEF1A /* Frameworks */,
				25284CDD1F197038004BEF1A /* Resources */,
			);
			buildRules = (
			);
			dependencies = (
				25284CE11F197038004BEF1A /* PBXTargetDependency */,
			);
			name = SicessisTests;
			productName = SicessisTests;
			productReference = 25284CDF1F197038004BEF1A /* SicessisTests.xctest */;
			productType = "com.apple.product-type.bundle.unit-test";
		};
		25284CE91F197038004BEF1A /* SicessisUITests */ = {
			isa = PBXNativeTarget;
			buildConfigurationList = 25284CF91F197038004BEF1A /* Build configuration list for PBXNativeTarget "SicessisUITests" */;
			buildPhases = (
				25284CE61F197038004BEF1A /* Sources */,
				25284CE71F197038004BEF1A /* Frameworks */,
				25284CE81F197038004BEF1A /* Resources */,
			);
			buildRules = (
			);
			dependencies = (
				25284CEC1F197038004BEF1A /* PBXTargetDependency */,
			);
			name = SicessisUITests;
			productName = SicessisUITests;
			productReference = 25284CEA1F197038004BEF1A /* SicessisUITests.xctest */;
			productType = "com.apple.product-type.bundle.ui-testing";
		};
/* End PBXNativeTarget section */

/* Begin PBXProject section */
		25284CC31F197038004BEF1A /* Project object */ = {
			isa = PBXProject;
			attributes = {
				LastSwiftUpdateCheck = 0830;
				LastUpgradeCheck = 0830;
				ORGANIZATIONNAME = "Ramses Miramontes Meza";
				TargetAttributes = {
					25284CCA1F197038004BEF1A = {
						CreatedOnToolsVersion = 8.3.3;
						DevelopmentTeam = 6VKPMZ9YA7;
						ProvisioningStyle = Automatic;
					};
					25284CDE1F197038004BEF1A = {
						CreatedOnToolsVersion = 8.3.3;
						DevelopmentTeam = 6VKPMZ9YA7;
						ProvisioningStyle = Automatic;
						TestTargetID = 25284CCA1F197038004BEF1A;
					};
					25284CE91F197038004BEF1A = {
						CreatedOnToolsVersion = 8.3.3;
						DevelopmentTeam = 6VKPMZ9YA7;
						ProvisioningStyle = Automatic;
						TestTargetID = 25284CCA1F197038004BEF1A;
					};
				};
			};
			buildConfigurationList = 25284CC61F197038004BEF1A /* Build configuration list for PBXProject "Sicessis" */;
			compatibilityVersion = "Xcode 3.2";
			developmentRegion = English;
			hasScannedForEncodings = 0;
			knownRegions = (
				en,
				Base,
			);
			mainGroup = 25284CC21F197038004BEF1A;
			productRefGroup = 25284CCC1F197038004BEF1A /* Products */;
			projectDirPath = "";
			projectRoot = "";
			targets = (
				25284CCA1F197038004BEF1A /* Sicessis */,
				25284CDE1F197038004BEF1A /* SicessisTests */,
				25284CE91F197038004BEF1A /* SicessisUITests */,
			);
		};
/* End PBXProject section */

/* Begin PBXResourcesBuildPhase section */
		25284CC91F197038004BEF1A /* Resources */ = {
			isa = PBXResourcesBuildPhase;
			buildActionMask = 2147483647;
			files = (
				25284CD91F197038004BEF1A /* LaunchScreen.storyboard in Resources */,
				25284CD61F197038004BEF1A /* Assets.xcassets in Resources */,
				25284CD41F197038004BEF1A /* Main.storyboard in Resources */,
			);
			runOnlyForDeploymentPostprocessing = 0;
		};
		25284CDD1F197038004BEF1A /* Resources */ = {
			isa = PBXResourcesBuildPhase;
			buildActionMask = 2147483647;
			files = (
			);
			runOnlyForDeploymentPostprocessing = 0;
		};
		25284CE81F197038004BEF1A /* Resources */ = {
			isa = PBXResourcesBuildPhase;
			buildActionMask = 2147483647;
			files = (
			);
			runOnlyForDeploymentPostprocessing = 0;
		};
/* End PBXResourcesBuildPhase section */

/* Begin PBXSourcesBuildPhase section */
		25284CC71F197038004BEF1A /* Sources */ = {
			isa = PBXSourcesBuildPhase;
			buildActionMask = 2147483647;
			files = (
				25284CD11F197038004BEF1A /* ViewController.swift in Sources */,
				25284CCF1F197038004BEF1A /* AppDelegate.swift in Sources */,
			);
			runOnlyForDeploymentPostprocessing = 0;
		};
		25284CDB1F197038004BEF1A /* Sources */ = {
			isa = PBXSourcesBuildPhase;
			buildActionMask = 2147483647;
			files = (
				25284CE41F197038004BEF1A /* SicessisTests.swift in Sources */,
			);
			runOnlyForDeploymentPostprocessing = 0;
		};
		25284CE61F197038004BEF1A /* Sources */ = {
			isa = PBXSourcesBuildPhase;
			buildActionMask = 2147483647;
			files = (
				25284CEF1F197038004BEF1A /* SicessisUITests.swift in Sources */,
			);
			runOnlyForDeploymentPostprocessing = 0;
		};
/* End PBXSourcesBuildPhase section */

/* Begin PBXTargetDependency section */
		25284CE11F197038004BEF1A /* PBXTargetDependency */ = {
			isa = PBXTargetDependency;
			target = 25284CCA1F197038004BEF1A /* Sicessis */;
			targetProxy = 25284CE01F197038004BEF1A /* PBXContainerItemProxy */;
		};
		25284CEC1F197038004BEF1A /* PBXTargetDependency */ = {
			isa = PBXTargetDependency;
			target = 25284CCA1F197038004BEF1A /* Sicessis */;
			targetProxy = 25284CEB1F197038004BEF1A /* PBXContainerItemProxy */;
		};
/* End PBXTargetDependency section */

/* Begin PBXVariantGroup section */
		25284CD21F197038004BEF1A /* Main.storyboard */ = {
			isa = PBXVariantGroup;
			children = (
				25284CD31F197038004BEF1A /* Base */,
			);
			name = Main.storyboard;
			sourceTree = "<group>";
		};
		25284CD71F197038004BEF1A /* LaunchScreen.storyboard */ = {
			isa = PBXVariantGroup;
			children = (
				25284CD81F197038004BEF1A /* Base */,
			);
			name = LaunchScreen.storyboard;
			sourceTree = "<group>";
		};
/* End PBXVariantGroup section */

/* Begin XCBuildConfiguration section */
		25284CF11F197038004BEF1A /* Debug */ = {
			isa = XCBuildConfiguration;
			buildSettings = {
				ALWAYS_SEARCH_USER_PATHS = NO;
				CLANG_ANALYZER_NONNULL = YES;
				CLANG_ANALYZER_NUMBER_OBJECT_CONVERSION = YES_AGGRESSIVE;
				CLANG_CXX_LANGUAGE_STANDARD = "gnu++0x";
				CLANG_CXX_LIBRARY = "libc++";
				CLANG_ENABLE_MODULES = YES;
				CLANG_ENABLE_OBJC_ARC = YES;
				CLANG_WARN_BOOL_CONVERSION = YES;
				CLANG_WARN_CONSTANT_CONVERSION = YES;
				CLANG_WARN_DIRECT_OBJC_ISA_USAGE = YES_ERROR;
				CLANG_WARN_DOCUMENTATION_COMMENTS = YES;
				CLANG_WARN_EMPTY_BODY = YES;
				CLANG_WARN_ENUM_CONVERSION = YES;
				CLANG_WARN_INFINITE_RECURSION = YES;
				CLANG_WARN_INT_CONVERSION = YES;
				CLANG_WARN_OBJC_ROOT_CLASS = YES_ERROR;
				CLANG_WARN_SUSPICIOUS_MOVE = YES;
				CLANG_WARN_UNREACHABLE_CODE = YES;
				CLANG_WARN__DUPLICATE_METHOD_MATCH = YES;
				"CODE_SIGN_IDENTITY[sdk=iphoneos*]" = "iPhone Developer";
				COPY_PHASE_STRIP = NO;
				DEBUG_INFORMATION_FORMAT = dwarf;
				ENABLE_STRICT_OBJC_MSGSEND = YES;
				ENABLE_TESTABILITY = YES;
				GCC_C_LANGUAGE_STANDARD = gnu99;
				GCC_DYNAMIC_NO_PIC = NO;
				GCC_NO_COMMON_BLOCKS = YES;
				GCC_OPTIMIZATION_LEVEL = 0;
				GCC_PREPROCESSOR_DEFINITIONS = (
					"DEBUG=1",
					"$(inherited)",
				);
				GCC_WARN_64_TO_32_BIT_CONVERSION = YES;
				GCC_WARN_ABOUT_RETURN_TYPE = YES_ERROR;
				GCC_WARN_UNDECLARED_SELECTOR = YES;
				GCC_WARN_UNINITIALIZED_AUTOS = YES_AGGRESSIVE;
				GCC_WARN_UNUSED_FUNCTION = YES;
				GCC_WARN_UNUSED_VARIABLE = YES;
				IPHONEOS_DEPLOYMENT_TARGET = 10.3;
				MTL_ENABLE_DEBUG_INFO = YES;
				ONLY_ACTIVE_ARCH = YES;
				SDKROOT = iphoneos;
				SWIFT_ACTIVE_COMPILATION_CONDITIONS = DEBUG;
				SWIFT_OPTIMIZATION_LEVEL = "-Onone";
			};
			name = Debug;
		};
		25284CF21F197038004BEF1A /* Release */ = {
			isa = XCBuildConfiguration;
			buildSettings = {
				ALWAYS_SEARCH_USER_PATHS = NO;
				CLANG_ANALYZER_NONNULL = YES;
				CLANG_ANALYZER_NUMBER_OBJECT_CONVERSION = YES_AGGRESSIVE;
				CLANG_CXX_LANGUAGE_STANDARD = "gnu++0x";
				CLANG_CXX_LIBRARY = "libc++";
				CLANG_ENABLE_MODULES = YES;
				CLANG_ENABLE_OBJC_ARC = YES;
				CLANG_WARN_BOOL_CONVERSION = YES;
				CLANG_WARN_CONSTANT_CONVERSION = YES;
				CLANG_WARN_DIRECT_OBJC_ISA_USAGE = YES_ERROR;
				CLANG_WARN_DOCUMENTATION_COMMENTS = YES;
				CLANG_WARN_EMPTY_BODY = YES;
				CLANG_WARN_ENUM_CONVERSION = YES;
				CLANG_WARN_INFINITE_RECURSION = YES;
				CLANG_WARN_INT_CONVERSION = YES;
				CLANG_WARN_OBJC_ROOT_CLASS = YES_ERROR;
				CLANG_WARN_SUSPICIOUS_MOVE = YES;
				CLANG_WARN_UNREACHABLE_CODE = YES;
				CLANG_WARN__DUPLICATE_METHOD_MATCH = YES;
				"CODE_SIGN_IDENTITY[sdk=iphoneos*]" = "iPhone Developer";
				COPY_PHASE_STRIP = NO;
				DEBUG_INFORMATION_FORMAT = "dwarf-with-dsym";
				ENABLE_NS_ASSERTIONS = NO;
				ENABLE_STRICT_OBJC_MSGSEND = YES;
				GCC_C_LANGUAGE_STANDARD = gnu99;
				GCC_NO_COMMON_BLOCKS = YES;
				GCC_WARN_64_TO_32_BIT_CONVERSION = YES;
				GCC_WARN_ABOUT_RETURN_TYPE = YES_ERROR;
				GCC_WARN_UNDECLARED_SELECTOR = YES;
				GCC_WARN_UNINITIALIZED_AUTOS = YES_AGGRESSIVE;
				GCC_WARN_UNUSED_FUNCTION = YES;
				GCC_WARN_UNUSED_VARIABLE = YES;
				IPHONEOS_DEPLOYMENT_TARGET = 10.3;
				MTL_ENABLE_DEBUG_INFO = NO;
				SDKROOT = iphoneos;
				SWIFT_OPTIMIZATION_LEVEL = "-Owholemodule";
				VALIDATE_PRODUCT = YES;
			};
			name = Release;
		};
		25284CF41F197038004BEF1A /* Debug */ = {
			isa = XCBuildConfiguration;
			buildSettings = {
				ASSETCATALOG_COMPILER_APPICON_NAME = AppIcon;
				DEVELOPMENT_TEAM = 6VKPMZ9YA7;
				INFOPLIST_FILE = Sicessis/Info.plist;
				LD_RUNPATH_SEARCH_PATHS = "$(inherited) @executable_path/Frameworks";
				PRODUCT_BUNDLE_IDENTIFIER = com.rasoft.Sicessis;
				PRODUCT_NAME = "$(TARGET_NAME)";
				SWIFT_VERSION = 3.0;
			};
			name = Debug;
		};
		25284CF51F197038004BEF1A /* Release */ = {
			isa = XCBuildConfiguration;
			buildSettings = {
				ASSETCATALOG_COMPILER_APPICON_NAME = AppIcon;
				DEVELOPMENT_TEAM = 6VKPMZ9YA7;
				INFOPLIST_FILE = Sicessis/Info.plist;
				LD_RUNPATH_SEARCH_PATHS = "$(inherited) @executable_path/Frameworks";
				PRODUCT_BUNDLE_IDENTIFIER = com.rasoft.Sicessis;
				PRODUCT_NAME = "$(TARGET_NAME)";
				SWIFT_VERSION = 3.0;
			};
			name = Release;
		};
		25284CF71F197038004BEF1A /* Debug */ = {
			isa = XCBuildConfiguration;
			buildSettings = {
				ALWAYS_EMBED_SWIFT_STANDARD_LIBRARIES = YES;
				BUNDLE_LOADER = "$(TEST_HOST)";
				DEVELOPMENT_TEAM = 6VKPMZ9YA7;
				INFOPLIST_FILE = SicessisTests/Info.plist;
				LD_RUNPATH_SEARCH_PATHS = "$(inherited) @executable_path/Frameworks @loader_path/Frameworks";
				PRODUCT_BUNDLE_IDENTIFIER = com.rasoft.SicessisTests;
				PRODUCT_NAME = "$(TARGET_NAME)";
				SWIFT_VERSION = 3.0;
				TEST_HOST = "$(BUILT_PRODUCTS_DIR)/Sicessis.app/Sicessis";
			};
			name = Debug;
		};
		25284CF81F197038004BEF1A /* Release */ = {
			isa = XCBuildConfiguration;
			buildSettings = {
				ALWAYS_EMBED_SWIFT_STANDARD_LIBRARIES = YES;
				BUNDLE_LOADER = "$(TEST_HOST)";
				DEVELOPMENT_TEAM = 6VKPMZ9YA7;
				INFOPLIST_FILE = SicessisTests/Info.plist;
				LD_RUNPATH_SEARCH_PATHS = "$(inherited) @executable_path/Frameworks @loader_path/Frameworks";
				PRODUCT_BUNDLE_IDENTIFIER = com.rasoft.SicessisTests;
				PRODUCT_NAME = "$(TARGET_NAME)";
				SWIFT_VERSION = 3.0;
				TEST_HOST = "$(BUILT_PRODUCTS_DIR)/Sicessis.app/Sicessis";
			};
			name = Release;
		};
		25284CFA1F197038004BEF1A /* Debug */ = {
			isa = XCBuildConfiguration;
			buildSettings = {
				ALWAYS_EMBED_SWIFT_STANDARD_LIBRARIES = YES;
				DEVELOPMENT_TEAM = 6VKPMZ9YA7;
				INFOPLIST_FILE = SicessisUITests/Info.plist;
				LD_RUNPATH_SEARCH_PATHS = "$(inherited) @executable_path/Frameworks @loader_path/Frameworks";
				PRODUCT_BUNDLE_IDENTIFIER = com.rasoft.SicessisUITests;
				PRODUCT_NAME = "$(TARGET_NAME)";
				SWIFT_VERSION = 3.0;
				TEST_TARGET_NAME = Sicessis;
			};
			name = Debug;
		};
		25284CFB1F197038004BEF1A /* Release */ = {
			isa = XCBuildConfiguration;
			buildSettings = {
				ALWAYS_EMBED_SWIFT_STANDARD_LIBRARIES = YES;
				DEVELOPMENT_TEAM = 6VKPMZ9YA7;
				INFOPLIST_FILE = SicessisUITests/Info.plist;
				LD_RUNPATH_SEARCH_PATHS = "$(inherited) @executable_path/Frameworks @loader_path/Frameworks";
				PRODUCT_BUNDLE_IDENTIFIER = com.rasoft.SicessisUITests;
				PRODUCT_NAME = "$(TARGET_NAME)";
				SWIFT_VERSION = 3.0;
				TEST_TARGET_NAME = Sicessis;
			};
			name = Release;
		};
/* End XCBuildConfiguration section */

/* Begin XCConfigurationList section */
		25284CC61F197038004BEF1A /* Build configuration list for PBXProject "Sicessis" */ = {
			isa = XCConfigurationList;
			buildConfigurations = (
				25284CF11F197038004BEF1A /* Debug */,
				25284CF21F197038004BEF1A /* Release */,
			);
			defaultConfigurationIsVisible = 0;
			defaultConfigurationName = Release;
		};
		25284CF31F197038004BEF1A /* Build configuration list for PBXNativeTarget "Sicessis" */ = {
			isa = XCConfigurationList;
			buildConfigurations = (
				25284CF41F197038004BEF1A /* Debug */,
				25284CF51F197038004BEF1A /* Release */,
			);
			defaultConfigurationIsVisible = 0;
		};
		25284CF61F197038004BEF1A /* Build configuration list for PBXNativeTarget "SicessisTests" */ = {
			isa = XCConfigurationList;
			buildConfigurations = (
				25284CF71F197038004BEF1A /* Debug */,
				25284CF81F197038004BEF1A /* Release */,
			);
			defaultConfigurationIsVisible = 0;
		};
		25284CF91F197038004BEF1A /* Build configuration list for PBXNativeTarget "SicessisUITests" */ = {
			isa = XCConfigurationList;
			buildConfigurations = (
				25284CFA1F197038004BEF1A /* Debug */,
				25284CFB1F197038004BEF1A /* Release */,
			);
			defaultConfigurationIsVisible = 0;
		};
/* End XCConfigurationList section */
	};
	rootObject = 25284CC31F197038004BEF1A /* Project object */;
}
